
Microsoft Visual Studio Solution File, Format Version 10.00
# Visual Studio 2008
Project("{FAE04EC0-301F-11D3-BF4B-00C04F79EFBC}") = "MSS.WinMobile", "MSS.WinMobile\MSS.WinMobile.csproj", "{C425B784-A26C-41B7-A6AA-2D2A8735AC16}"
EndProject
Project("{2150E333-8FDC-42A3-9474-1A3956D46DE8}") = "Activities", "Activities", "{ABA616F7-5DA2-4B73-A9A9-06F70D760265}"
EndProject
Project("{FAE04EC0-301F-11D3-BF4B-00C04F79EFBC}") = "MSS.WinMobile.Activities", "MSS.WinMobile.Activities\MSS.WinMobile.Activities.csproj", "{7F683EE6-6911-46C3-A615-0CEF9878A1B6}"
EndProject
Global
	GlobalSection(SolutionConfigurationPlatforms) = preSolution
		Debug|Any CPU = Debug|Any CPU
		Release|Any CPU = Release|Any CPU
	EndGlobalSection
	GlobalSection(ProjectConfigurationPlatforms) = postSolution
		{C425B784-A26C-41B7-A6AA-2D2A8735AC16}.Debug|Any CPU.ActiveCfg = Debug|Any CPU
		{C425B784-A26C-41B7-A6AA-2D2A8735AC16}.Debug|Any CPU.Build.0 = Debug|Any CPU
		{C425B784-A26C-41B7-A6AA-2D2A8735AC16}.Debug|Any CPU.Deploy.0 = Debug|Any CPU
		{C425B784-A26C-41B7-A6AA-2D2A8735AC16}.Release|Any CPU.ActiveCfg = Release|Any CPU
		{C425B784-A26C-41B7-A6AA-2D2A8735AC16}.Release|Any CPU.Build.0 = Release|Any CPU
		{C425B784-A26C-41B7-A6AA-2D2A8735AC16}.Release|Any CPU.Deploy.0 = Release|Any CPU
		{7F683EE6-6911-46C3-A615-0CEF9878A1B6}.Debug|Any CPU.ActiveCfg = Debug|Any CPU
		{7F683EE6-6911-46C3-A615-0CEF9878A1B6}.Debug|Any CPU.Build.0 = Debug|Any CPU
		{7F683EE6-6911-46C3-A615-0CEF9878A1B6}.Release|Any CPU.ActiveCfg = Release|Any CPU
		{7F683EE6-6911-46C3-A615-0CEF9878A1B6}.Release|Any CPU.Build.0 = Release|Any CPU
	EndGlobalSection
	GlobalSection(SolutionProperties) = preSolution
		HideSolutionNode = FALSE
	EndGlobalSection
	GlobalSection(NestedProjects) = preSolution
		{7F683EE6-6911-46C3-A615-0CEF9878A1B6} = {ABA616F7-5DA2-4B73-A9A9-06F70D760265}
	EndGlobalSection
EndGlobal
