
Microsoft Visual Studio Solution File, Format Version 10.00
# Visual Studio 2008
Project("{2150E333-8FDC-42A3-9474-1A3956D46DE8}") = "Infrastructure", "Infrastructure", "{2A4CEEF6-9A8C-4BE7-BF9D-527229DB8FB0}"
EndProject
Project("{2150E333-8FDC-42A3-9474-1A3956D46DE8}") = "Domain", "Domain", "{1FDA7A92-AD84-4D8D-A3D3-50093C68DC9D}"
EndProject
Project("{2150E333-8FDC-42A3-9474-1A3956D46DE8}") = "UI", "UI", "{0DE7B077-6E48-4EB7-B8D9-60A80ED1A414}"
EndProject
Project("{FAE04EC0-301F-11D3-BF4B-00C04F79EFBC}") = "MSS.WinMobile.Domain.Models", "MSS.WinMobile.Domain.Models\MSS.WinMobile.Domain.Models.csproj", "{4CEEC8F0-27AE-49C2-8241-81297733DE20}"
EndProject
Project("{2150E333-8FDC-42A3-9474-1A3956D46DE8}") = "Deployment", "Deployment", "{69F1D575-9408-4C17-94BF-B6E4140411C6}"
EndProject
Project("{B900F1C2-3D47-4FEC-85B3-04AAF18C3634}") = "MSS.WinMobile.Cab", "MSS.WinMobile.Cab\MSS.WinMobile.Cab.vddproj", "{FEE1839A-4868-43D2-88FB-905FB8C6DC58}"
EndProject
Project("{FAE04EC0-301F-11D3-BF4B-00C04F79EFBC}") = "MSS.WinMobile.Infrastructure.Server", "MSS.WinMobile.Infrastructure.Remote.Data\MSS.WinMobile.Infrastructure.Server.csproj", "{278A8A84-49D1-421D-A772-D6B742DF831F}"
EndProject
Project("{FAE04EC0-301F-11D3-BF4B-00C04F79EFBC}") = "MSS.WinMobile.UI.Controls", "MSS.WinMobile.UI.Controls\MSS.WinMobile.UI.Controls.csproj", "{F7E20E1B-7825-4F3B-8F95-379A56EF2CA1}"
EndProject
Project("{FAE04EC0-301F-11D3-BF4B-00C04F79EFBC}") = "MSS.WinMobile.UI.Presenters", "MSS.WinMobile.UI.Presenters\MSS.WinMobile.UI.Presenters.csproj", "{7A140F0C-7A4C-4ACD-A2F7-E09B23701A9D}"
EndProject
Project("{FAE04EC0-301F-11D3-BF4B-00C04F79EFBC}") = "MSS.WinMobile.UI.ViewModel", "MSS.WinMobile.UI.ViewModel\MSS.WinMobile.UI.ViewModel.csproj", "{1D22538A-B171-4CC5-A4CD-586EEA8B815E}"
EndProject
Project("{FAE04EC0-301F-11D3-BF4B-00C04F79EFBC}") = "MSS.WinMobile.UI.Views", "MSS.WinMobile.UI.Views\MSS.WinMobile.UI.Views.csproj", "{59551DCE-C626-4BAA-8FAB-7E6977957B17}"
EndProject
Project("{FAE04EC0-301F-11D3-BF4B-00C04F79EFBC}") = "MSS.WinMobile", "MSS.WinMobile.Config\MSS.WinMobile.csproj", "{355E3AFE-670B-4DC5-9625-40D66232F9E2}"
EndProject
Project("{FAE04EC0-301F-11D3-BF4B-00C04F79EFBC}") = "MSS.WinMobile.Application", "MSS.WinMobile.Application\MSS.WinMobile.Application.csproj", "{13A9120E-F646-4A64-9303-5036B5C86613}"
EndProject
Project("{2150E333-8FDC-42A3-9474-1A3956D46DE8}") = "Vendor", "Vendor", "{34DA7C00-A216-4BA9-8FBA-21F4D8B3DF90}"
EndProject
Project("{FAE04EC0-301F-11D3-BF4B-00C04F79EFBC}") = "LitJson", "Packages\jsonnetcf-fullv1.1\jsonnetcf-fullv1.1\LitJson\LitJson.csproj", "{5CBECDBA-23AE-4EFA-B023-B95A61C94D99}"
EndProject
Project("{FAE04EC0-301F-11D3-BF4B-00C04F79EFBC}") = "JsonSerializer", "Packages\jsonnetcf-fullv1.1\jsonnetcf-fullv1.1\JsonSerializer\JsonSerializer.csproj", "{2EE98FE1-FF08-409D-A161-DBA9286F961D}"
EndProject
Project("{2150E333-8FDC-42A3-9474-1A3956D46DE8}") = "Application", "Application", "{B99B4618-934F-4C64-B2EF-10F148DA5D73}"
EndProject
Project("{FAE04EC0-301F-11D3-BF4B-00C04F79EFBC}") = "MSS.WinMobile.Commands", "MSS.WinMobile.Commands\MSS.WinMobile.Commands.csproj", "{5CB36071-60FE-4063-AE50-3F62D51D69C8}"
EndProject
Project("{FAE04EC0-301F-11D3-BF4B-00C04F79EFBC}") = "MSS.WinMobile.Common", "MSS.WinMobile.Common\MSS.WinMobile.Common.csproj", "{EE8C2DBF-748F-44F3-BDF8-33F9627295FC}"
EndProject
Project("{2150E333-8FDC-42A3-9474-1A3956D46DE8}") = "Tests", "Tests", "{1A5CBA19-D94A-461B-A455-1F906204708F}"
EndProject
Project("{FAE04EC0-301F-11D3-BF4B-00C04F79EFBC}") = "TestApplication", "TestApplication\TestApplication.csproj", "{24650570-B928-4C71-8FCE-A9D4A123D0E1}"
EndProject
Global
	GlobalSection(SolutionConfigurationPlatforms) = preSolution
		Debug|Any CPU = Debug|Any CPU
		Release|Any CPU = Release|Any CPU
	EndGlobalSection
	GlobalSection(ProjectConfigurationPlatforms) = postSolution
		{4CEEC8F0-27AE-49C2-8241-81297733DE20}.Debug|Any CPU.ActiveCfg = Debug|Any CPU
		{4CEEC8F0-27AE-49C2-8241-81297733DE20}.Debug|Any CPU.Build.0 = Debug|Any CPU
		{4CEEC8F0-27AE-49C2-8241-81297733DE20}.Release|Any CPU.ActiveCfg = Release|Any CPU
		{4CEEC8F0-27AE-49C2-8241-81297733DE20}.Release|Any CPU.Build.0 = Release|Any CPU
		{FEE1839A-4868-43D2-88FB-905FB8C6DC58}.Debug|Any CPU.ActiveCfg = Debug
		{FEE1839A-4868-43D2-88FB-905FB8C6DC58}.Release|Any CPU.ActiveCfg = Release
		{278A8A84-49D1-421D-A772-D6B742DF831F}.Debug|Any CPU.ActiveCfg = Debug|Any CPU
		{278A8A84-49D1-421D-A772-D6B742DF831F}.Debug|Any CPU.Build.0 = Debug|Any CPU
		{278A8A84-49D1-421D-A772-D6B742DF831F}.Release|Any CPU.ActiveCfg = Release|Any CPU
		{278A8A84-49D1-421D-A772-D6B742DF831F}.Release|Any CPU.Build.0 = Release|Any CPU
		{F7E20E1B-7825-4F3B-8F95-379A56EF2CA1}.Debug|Any CPU.ActiveCfg = Debug|Any CPU
		{F7E20E1B-7825-4F3B-8F95-379A56EF2CA1}.Debug|Any CPU.Build.0 = Debug|Any CPU
		{F7E20E1B-7825-4F3B-8F95-379A56EF2CA1}.Release|Any CPU.ActiveCfg = Release|Any CPU
		{F7E20E1B-7825-4F3B-8F95-379A56EF2CA1}.Release|Any CPU.Build.0 = Release|Any CPU
		{7A140F0C-7A4C-4ACD-A2F7-E09B23701A9D}.Debug|Any CPU.ActiveCfg = Debug|Any CPU
		{7A140F0C-7A4C-4ACD-A2F7-E09B23701A9D}.Debug|Any CPU.Build.0 = Debug|Any CPU
		{7A140F0C-7A4C-4ACD-A2F7-E09B23701A9D}.Release|Any CPU.ActiveCfg = Release|Any CPU
		{7A140F0C-7A4C-4ACD-A2F7-E09B23701A9D}.Release|Any CPU.Build.0 = Release|Any CPU
		{1D22538A-B171-4CC5-A4CD-586EEA8B815E}.Debug|Any CPU.ActiveCfg = Debug|Any CPU
		{1D22538A-B171-4CC5-A4CD-586EEA8B815E}.Debug|Any CPU.Build.0 = Debug|Any CPU
		{1D22538A-B171-4CC5-A4CD-586EEA8B815E}.Release|Any CPU.ActiveCfg = Release|Any CPU
		{1D22538A-B171-4CC5-A4CD-586EEA8B815E}.Release|Any CPU.Build.0 = Release|Any CPU
		{59551DCE-C626-4BAA-8FAB-7E6977957B17}.Debug|Any CPU.ActiveCfg = Debug|Any CPU
		{59551DCE-C626-4BAA-8FAB-7E6977957B17}.Debug|Any CPU.Build.0 = Debug|Any CPU
		{59551DCE-C626-4BAA-8FAB-7E6977957B17}.Release|Any CPU.ActiveCfg = Release|Any CPU
		{59551DCE-C626-4BAA-8FAB-7E6977957B17}.Release|Any CPU.Build.0 = Release|Any CPU
		{355E3AFE-670B-4DC5-9625-40D66232F9E2}.Debug|Any CPU.ActiveCfg = Debug|Any CPU
		{355E3AFE-670B-4DC5-9625-40D66232F9E2}.Debug|Any CPU.Build.0 = Debug|Any CPU
		{355E3AFE-670B-4DC5-9625-40D66232F9E2}.Release|Any CPU.ActiveCfg = Release|Any CPU
		{355E3AFE-670B-4DC5-9625-40D66232F9E2}.Release|Any CPU.Build.0 = Release|Any CPU
		{13A9120E-F646-4A64-9303-5036B5C86613}.Debug|Any CPU.ActiveCfg = Debug|Any CPU
		{13A9120E-F646-4A64-9303-5036B5C86613}.Debug|Any CPU.Build.0 = Debug|Any CPU
		{13A9120E-F646-4A64-9303-5036B5C86613}.Debug|Any CPU.Deploy.0 = Debug|Any CPU
		{13A9120E-F646-4A64-9303-5036B5C86613}.Release|Any CPU.ActiveCfg = Release|Any CPU
		{13A9120E-F646-4A64-9303-5036B5C86613}.Release|Any CPU.Build.0 = Release|Any CPU
		{13A9120E-F646-4A64-9303-5036B5C86613}.Release|Any CPU.Deploy.0 = Release|Any CPU
		{5CBECDBA-23AE-4EFA-B023-B95A61C94D99}.Debug|Any CPU.ActiveCfg = Debug|Any CPU
		{5CBECDBA-23AE-4EFA-B023-B95A61C94D99}.Debug|Any CPU.Build.0 = Debug|Any CPU
		{5CBECDBA-23AE-4EFA-B023-B95A61C94D99}.Release|Any CPU.ActiveCfg = Release|Any CPU
		{5CBECDBA-23AE-4EFA-B023-B95A61C94D99}.Release|Any CPU.Build.0 = Release|Any CPU
		{2EE98FE1-FF08-409D-A161-DBA9286F961D}.Debug|Any CPU.ActiveCfg = Debug|Any CPU
		{2EE98FE1-FF08-409D-A161-DBA9286F961D}.Debug|Any CPU.Build.0 = Debug|Any CPU
		{2EE98FE1-FF08-409D-A161-DBA9286F961D}.Release|Any CPU.ActiveCfg = Release|Any CPU
		{2EE98FE1-FF08-409D-A161-DBA9286F961D}.Release|Any CPU.Build.0 = Release|Any CPU
		{5CB36071-60FE-4063-AE50-3F62D51D69C8}.Debug|Any CPU.ActiveCfg = Debug|Any CPU
		{5CB36071-60FE-4063-AE50-3F62D51D69C8}.Debug|Any CPU.Build.0 = Debug|Any CPU
		{5CB36071-60FE-4063-AE50-3F62D51D69C8}.Release|Any CPU.ActiveCfg = Release|Any CPU
		{5CB36071-60FE-4063-AE50-3F62D51D69C8}.Release|Any CPU.Build.0 = Release|Any CPU
		{EE8C2DBF-748F-44F3-BDF8-33F9627295FC}.Debug|Any CPU.ActiveCfg = Debug|Any CPU
		{EE8C2DBF-748F-44F3-BDF8-33F9627295FC}.Debug|Any CPU.Build.0 = Debug|Any CPU
		{EE8C2DBF-748F-44F3-BDF8-33F9627295FC}.Release|Any CPU.ActiveCfg = Release|Any CPU
		{EE8C2DBF-748F-44F3-BDF8-33F9627295FC}.Release|Any CPU.Build.0 = Release|Any CPU
		{24650570-B928-4C71-8FCE-A9D4A123D0E1}.Debug|Any CPU.ActiveCfg = Debug|Any CPU
		{24650570-B928-4C71-8FCE-A9D4A123D0E1}.Debug|Any CPU.Build.0 = Debug|Any CPU
		{24650570-B928-4C71-8FCE-A9D4A123D0E1}.Release|Any CPU.ActiveCfg = Release|Any CPU
		{24650570-B928-4C71-8FCE-A9D4A123D0E1}.Release|Any CPU.Build.0 = Release|Any CPU
	EndGlobalSection
	GlobalSection(SolutionProperties) = preSolution
		HideSolutionNode = FALSE
	EndGlobalSection
	GlobalSection(NestedProjects) = preSolution
		{278A8A84-49D1-421D-A772-D6B742DF831F} = {2A4CEEF6-9A8C-4BE7-BF9D-527229DB8FB0}
		{4CEEC8F0-27AE-49C2-8241-81297733DE20} = {1FDA7A92-AD84-4D8D-A3D3-50093C68DC9D}
		{0DE7B077-6E48-4EB7-B8D9-60A80ED1A414} = {B99B4618-934F-4C64-B2EF-10F148DA5D73}
		{355E3AFE-670B-4DC5-9625-40D66232F9E2} = {B99B4618-934F-4C64-B2EF-10F148DA5D73}
		{13A9120E-F646-4A64-9303-5036B5C86613} = {B99B4618-934F-4C64-B2EF-10F148DA5D73}
		{5CB36071-60FE-4063-AE50-3F62D51D69C8} = {B99B4618-934F-4C64-B2EF-10F148DA5D73}
		{EE8C2DBF-748F-44F3-BDF8-33F9627295FC} = {B99B4618-934F-4C64-B2EF-10F148DA5D73}
		{FEE1839A-4868-43D2-88FB-905FB8C6DC58} = {69F1D575-9408-4C17-94BF-B6E4140411C6}
		{7A140F0C-7A4C-4ACD-A2F7-E09B23701A9D} = {0DE7B077-6E48-4EB7-B8D9-60A80ED1A414}
		{1D22538A-B171-4CC5-A4CD-586EEA8B815E} = {0DE7B077-6E48-4EB7-B8D9-60A80ED1A414}
		{59551DCE-C626-4BAA-8FAB-7E6977957B17} = {0DE7B077-6E48-4EB7-B8D9-60A80ED1A414}
		{F7E20E1B-7825-4F3B-8F95-379A56EF2CA1} = {0DE7B077-6E48-4EB7-B8D9-60A80ED1A414}
		{5CBECDBA-23AE-4EFA-B023-B95A61C94D99} = {34DA7C00-A216-4BA9-8FBA-21F4D8B3DF90}
		{2EE98FE1-FF08-409D-A161-DBA9286F961D} = {34DA7C00-A216-4BA9-8FBA-21F4D8B3DF90}
		{24650570-B928-4C71-8FCE-A9D4A123D0E1} = {1A5CBA19-D94A-461B-A455-1F906204708F}
	EndGlobalSection
EndGlobal
