
Microsoft Visual Studio Solution File, Format Version 10.00
# Visual Studio 2008
Project("{2150E333-8FDC-42A3-9474-1A3956D46DE8}") = "Infrastructure", "Infrastructure", "{2A4CEEF6-9A8C-4BE7-BF9D-527229DB8FB0}"
EndProject
Project("{2150E333-8FDC-42A3-9474-1A3956D46DE8}") = "Domain", "Domain", "{1FDA7A92-AD84-4D8D-A3D3-50093C68DC9D}"
EndProject
Project("{2150E333-8FDC-42A3-9474-1A3956D46DE8}") = "Local", "Local", "{AC21F6FE-1B1D-4820-80E8-936FA2C1ADB7}"
EndProject
Project("{2150E333-8FDC-42A3-9474-1A3956D46DE8}") = "Remote", "Remote", "{4A8112ED-DE2B-46A8-81DD-64492F064B40}"
EndProject
Project("{2150E333-8FDC-42A3-9474-1A3956D46DE8}") = "UI", "UI", "{0DE7B077-6E48-4EB7-B8D9-60A80ED1A414}"
EndProject
Project("{2150E333-8FDC-42A3-9474-1A3956D46DE8}") = "Services", "Services", "{D01ABC51-225F-463F-B954-0F6B05C5F47B}"
EndProject
Project("{FAE04EC0-301F-11D3-BF4B-00C04F79EFBC}") = "MSS.WinMobile.Domain.Models", "MSS.WinMobile.Domain.Models\MSS.WinMobile.Domain.Models.csproj", "{4CEEC8F0-27AE-49C2-8241-81297733DE20}"
EndProject
Project("{2150E333-8FDC-42A3-9474-1A3956D46DE8}") = "Deployment", "Deployment", "{69F1D575-9408-4C17-94BF-B6E4140411C6}"
EndProject
Project("{B900F1C2-3D47-4FEC-85B3-04AAF18C3634}") = "MSS.WinMobile.Cab", "MSS.WinMobile.Cab\MSS.WinMobile.Cab.vddproj", "{FEE1839A-4868-43D2-88FB-905FB8C6DC58}"
EndProject
Project("{FAE04EC0-301F-11D3-BF4B-00C04F79EFBC}") = "MSS.WinMobile.Domain.Specifications", "MSS.WinMobile.Domain.Specifications\MSS.WinMobile.Domain.Specifications.csproj", "{CA068193-95D2-4426-96F9-B6E72B8BB0E9}"
EndProject
Project("{FAE04EC0-301F-11D3-BF4B-00C04F79EFBC}") = "MSS.WinMobile.Infrastructure.Local.Data", "MSS.WinMobile.Infrastructure.Local.Data\MSS.WinMobile.Infrastructure.Local.Data.csproj", "{CA136097-615C-45D6-93BF-F0A4435E84FA}"
EndProject
Project("{FAE04EC0-301F-11D3-BF4B-00C04F79EFBC}") = "MSS.WinMobile.Infrastructure.Data", "MSS.WinMobile.Infrastructure.Data\MSS.WinMobile.Infrastructure.Data.csproj", "{18749E18-BCD2-4C5F-95FB-09178F4B0FBC}"
EndProject
Project("{FAE04EC0-301F-11D3-BF4B-00C04F79EFBC}") = "MSS.WinMobile.Infrastructure.Remote.Data", "MSS.WinMobile.Infrastructure.Remote.Data\MSS.WinMobile.Infrastructure.Remote.Data.csproj", "{278A8A84-49D1-421D-A772-D6B742DF831F}"
EndProject
Project("{FAE04EC0-301F-11D3-BF4B-00C04F79EFBC}") = "MSS.WinMobile.UI.Controls", "MSS.WinMobile.UI.Controls\MSS.WinMobile.UI.Controls.csproj", "{F7E20E1B-7825-4F3B-8F95-379A56EF2CA1}"
EndProject
Project("{FAE04EC0-301F-11D3-BF4B-00C04F79EFBC}") = "MSS.WinMobile.Services.Synchronizer", "MSS.WinMobile.Services.Synchronizer\MSS.WinMobile.Services.Synchronizer.csproj", "{4D4039F4-3296-4FA8-8E73-743B476550AC}"
EndProject
Project("{FAE04EC0-301F-11D3-BF4B-00C04F79EFBC}") = "MSS.WinMobile.UI.Presenters", "MSS.WinMobile.UI.Presenters\MSS.WinMobile.UI.Presenters.csproj", "{7A140F0C-7A4C-4ACD-A2F7-E09B23701A9D}"
EndProject
Project("{FAE04EC0-301F-11D3-BF4B-00C04F79EFBC}") = "MSS.WinMobile.UI.ViewModel", "MSS.WinMobile.UI.ViewModel\MSS.WinMobile.UI.ViewModel.csproj", "{1D22538A-B171-4CC5-A4CD-586EEA8B815E}"
EndProject
Project("{FAE04EC0-301F-11D3-BF4B-00C04F79EFBC}") = "MSS.WinMobile.UI.Views", "MSS.WinMobile.UI.Views\MSS.WinMobile.UI.Views.csproj", "{59551DCE-C626-4BAA-8FAB-7E6977957B17}"
EndProject
Project("{FAE04EC0-301F-11D3-BF4B-00C04F79EFBC}") = "MSS.WinMobile.Config", "MSS.WinMobile.Config\MSS.WinMobile.Config.csproj", "{355E3AFE-670B-4DC5-9625-40D66232F9E2}"
EndProject
Project("{FAE04EC0-301F-11D3-BF4B-00C04F79EFBC}") = "MSS.WinMobile.Application", "MSS.WinMobile.Application\MSS.WinMobile.Application.csproj", "{13A9120E-F646-4A64-9303-5036B5C86613}"
EndProject
Project("{FAE04EC0-301F-11D3-BF4B-00C04F79EFBC}") = "MSS.WinMobile.Infrastructure.Local.Attributes", "MSS.WinMobile.Infrastructure.Local.Attributes\MSS.WinMobile.Infrastructure.Local.Attributes.csproj", "{98F9A834-5915-4288-817F-F96ADD72C3B7}"
EndProject
Project("{FAE04EC0-301F-11D3-BF4B-00C04F79EFBC}") = "ConsoleTests", "ConsoleTests\ConsoleTests.csproj", "{1C081833-A87E-454D-9EAA-49B6DF34461A}"
EndProject
Project("{2150E333-8FDC-42A3-9474-1A3956D46DE8}") = "Tests", "Tests", "{D70106EF-2D1B-4AE6-87F4-D147FCFBFF5B}"
EndProject
Global
	GlobalSection(SolutionConfigurationPlatforms) = preSolution
		Debug|Any CPU = Debug|Any CPU
		Release|Any CPU = Release|Any CPU
	EndGlobalSection
	GlobalSection(ProjectConfigurationPlatforms) = postSolution
		{4CEEC8F0-27AE-49C2-8241-81297733DE20}.Debug|Any CPU.ActiveCfg = Debug|Any CPU
		{4CEEC8F0-27AE-49C2-8241-81297733DE20}.Debug|Any CPU.Build.0 = Debug|Any CPU
		{4CEEC8F0-27AE-49C2-8241-81297733DE20}.Release|Any CPU.ActiveCfg = Release|Any CPU
		{4CEEC8F0-27AE-49C2-8241-81297733DE20}.Release|Any CPU.Build.0 = Release|Any CPU
		{FEE1839A-4868-43D2-88FB-905FB8C6DC58}.Debug|Any CPU.ActiveCfg = Debug
		{FEE1839A-4868-43D2-88FB-905FB8C6DC58}.Release|Any CPU.ActiveCfg = Release
		{CA068193-95D2-4426-96F9-B6E72B8BB0E9}.Debug|Any CPU.ActiveCfg = Debug|Any CPU
		{CA068193-95D2-4426-96F9-B6E72B8BB0E9}.Debug|Any CPU.Build.0 = Debug|Any CPU
		{CA068193-95D2-4426-96F9-B6E72B8BB0E9}.Release|Any CPU.ActiveCfg = Release|Any CPU
		{CA068193-95D2-4426-96F9-B6E72B8BB0E9}.Release|Any CPU.Build.0 = Release|Any CPU
		{CA136097-615C-45D6-93BF-F0A4435E84FA}.Debug|Any CPU.ActiveCfg = Debug|Any CPU
		{CA136097-615C-45D6-93BF-F0A4435E84FA}.Debug|Any CPU.Build.0 = Debug|Any CPU
		{CA136097-615C-45D6-93BF-F0A4435E84FA}.Release|Any CPU.ActiveCfg = Release|Any CPU
		{CA136097-615C-45D6-93BF-F0A4435E84FA}.Release|Any CPU.Build.0 = Release|Any CPU
		{18749E18-BCD2-4C5F-95FB-09178F4B0FBC}.Debug|Any CPU.ActiveCfg = Debug|Any CPU
		{18749E18-BCD2-4C5F-95FB-09178F4B0FBC}.Debug|Any CPU.Build.0 = Debug|Any CPU
		{18749E18-BCD2-4C5F-95FB-09178F4B0FBC}.Release|Any CPU.ActiveCfg = Release|Any CPU
		{18749E18-BCD2-4C5F-95FB-09178F4B0FBC}.Release|Any CPU.Build.0 = Release|Any CPU
		{278A8A84-49D1-421D-A772-D6B742DF831F}.Debug|Any CPU.ActiveCfg = Debug|Any CPU
		{278A8A84-49D1-421D-A772-D6B742DF831F}.Debug|Any CPU.Build.0 = Debug|Any CPU
		{278A8A84-49D1-421D-A772-D6B742DF831F}.Release|Any CPU.ActiveCfg = Release|Any CPU
		{278A8A84-49D1-421D-A772-D6B742DF831F}.Release|Any CPU.Build.0 = Release|Any CPU
		{F7E20E1B-7825-4F3B-8F95-379A56EF2CA1}.Debug|Any CPU.ActiveCfg = Debug|Any CPU
		{F7E20E1B-7825-4F3B-8F95-379A56EF2CA1}.Debug|Any CPU.Build.0 = Debug|Any CPU
		{F7E20E1B-7825-4F3B-8F95-379A56EF2CA1}.Release|Any CPU.ActiveCfg = Release|Any CPU
		{F7E20E1B-7825-4F3B-8F95-379A56EF2CA1}.Release|Any CPU.Build.0 = Release|Any CPU
		{4D4039F4-3296-4FA8-8E73-743B476550AC}.Debug|Any CPU.ActiveCfg = Debug|Any CPU
		{4D4039F4-3296-4FA8-8E73-743B476550AC}.Debug|Any CPU.Build.0 = Debug|Any CPU
		{4D4039F4-3296-4FA8-8E73-743B476550AC}.Release|Any CPU.ActiveCfg = Release|Any CPU
		{4D4039F4-3296-4FA8-8E73-743B476550AC}.Release|Any CPU.Build.0 = Release|Any CPU
		{7A140F0C-7A4C-4ACD-A2F7-E09B23701A9D}.Debug|Any CPU.ActiveCfg = Debug|Any CPU
		{7A140F0C-7A4C-4ACD-A2F7-E09B23701A9D}.Debug|Any CPU.Build.0 = Debug|Any CPU
		{7A140F0C-7A4C-4ACD-A2F7-E09B23701A9D}.Release|Any CPU.ActiveCfg = Release|Any CPU
		{7A140F0C-7A4C-4ACD-A2F7-E09B23701A9D}.Release|Any CPU.Build.0 = Release|Any CPU
		{1D22538A-B171-4CC5-A4CD-586EEA8B815E}.Debug|Any CPU.ActiveCfg = Debug|Any CPU
		{1D22538A-B171-4CC5-A4CD-586EEA8B815E}.Debug|Any CPU.Build.0 = Debug|Any CPU
		{1D22538A-B171-4CC5-A4CD-586EEA8B815E}.Release|Any CPU.ActiveCfg = Release|Any CPU
		{1D22538A-B171-4CC5-A4CD-586EEA8B815E}.Release|Any CPU.Build.0 = Release|Any CPU
		{59551DCE-C626-4BAA-8FAB-7E6977957B17}.Debug|Any CPU.ActiveCfg = Debug|Any CPU
		{59551DCE-C626-4BAA-8FAB-7E6977957B17}.Debug|Any CPU.Build.0 = Debug|Any CPU
		{59551DCE-C626-4BAA-8FAB-7E6977957B17}.Release|Any CPU.ActiveCfg = Release|Any CPU
		{59551DCE-C626-4BAA-8FAB-7E6977957B17}.Release|Any CPU.Build.0 = Release|Any CPU
		{355E3AFE-670B-4DC5-9625-40D66232F9E2}.Debug|Any CPU.ActiveCfg = Debug|Any CPU
		{355E3AFE-670B-4DC5-9625-40D66232F9E2}.Debug|Any CPU.Build.0 = Debug|Any CPU
		{355E3AFE-670B-4DC5-9625-40D66232F9E2}.Release|Any CPU.ActiveCfg = Release|Any CPU
		{355E3AFE-670B-4DC5-9625-40D66232F9E2}.Release|Any CPU.Build.0 = Release|Any CPU
		{13A9120E-F646-4A64-9303-5036B5C86613}.Debug|Any CPU.ActiveCfg = Debug|Any CPU
		{13A9120E-F646-4A64-9303-5036B5C86613}.Debug|Any CPU.Build.0 = Debug|Any CPU
		{13A9120E-F646-4A64-9303-5036B5C86613}.Debug|Any CPU.Deploy.0 = Debug|Any CPU
		{13A9120E-F646-4A64-9303-5036B5C86613}.Release|Any CPU.ActiveCfg = Release|Any CPU
		{13A9120E-F646-4A64-9303-5036B5C86613}.Release|Any CPU.Build.0 = Release|Any CPU
		{13A9120E-F646-4A64-9303-5036B5C86613}.Release|Any CPU.Deploy.0 = Release|Any CPU
		{98F9A834-5915-4288-817F-F96ADD72C3B7}.Debug|Any CPU.ActiveCfg = Debug|Any CPU
		{98F9A834-5915-4288-817F-F96ADD72C3B7}.Debug|Any CPU.Build.0 = Debug|Any CPU
		{98F9A834-5915-4288-817F-F96ADD72C3B7}.Release|Any CPU.ActiveCfg = Release|Any CPU
		{98F9A834-5915-4288-817F-F96ADD72C3B7}.Release|Any CPU.Build.0 = Release|Any CPU
		{1C081833-A87E-454D-9EAA-49B6DF34461A}.Debug|Any CPU.ActiveCfg = Debug|Any CPU
		{1C081833-A87E-454D-9EAA-49B6DF34461A}.Debug|Any CPU.Build.0 = Debug|Any CPU
		{1C081833-A87E-454D-9EAA-49B6DF34461A}.Release|Any CPU.ActiveCfg = Release|Any CPU
		{1C081833-A87E-454D-9EAA-49B6DF34461A}.Release|Any CPU.Build.0 = Release|Any CPU
	EndGlobalSection
	GlobalSection(SolutionProperties) = preSolution
		HideSolutionNode = FALSE
	EndGlobalSection
	GlobalSection(NestedProjects) = preSolution
		{AC21F6FE-1B1D-4820-80E8-936FA2C1ADB7} = {2A4CEEF6-9A8C-4BE7-BF9D-527229DB8FB0}
		{4A8112ED-DE2B-46A8-81DD-64492F064B40} = {2A4CEEF6-9A8C-4BE7-BF9D-527229DB8FB0}
		{18749E18-BCD2-4C5F-95FB-09178F4B0FBC} = {2A4CEEF6-9A8C-4BE7-BF9D-527229DB8FB0}
		{4CEEC8F0-27AE-49C2-8241-81297733DE20} = {1FDA7A92-AD84-4D8D-A3D3-50093C68DC9D}
		{CA068193-95D2-4426-96F9-B6E72B8BB0E9} = {1FDA7A92-AD84-4D8D-A3D3-50093C68DC9D}
		{CA136097-615C-45D6-93BF-F0A4435E84FA} = {AC21F6FE-1B1D-4820-80E8-936FA2C1ADB7}
		{98F9A834-5915-4288-817F-F96ADD72C3B7} = {AC21F6FE-1B1D-4820-80E8-936FA2C1ADB7}
		{278A8A84-49D1-421D-A772-D6B742DF831F} = {4A8112ED-DE2B-46A8-81DD-64492F064B40}
		{F7E20E1B-7825-4F3B-8F95-379A56EF2CA1} = {0DE7B077-6E48-4EB7-B8D9-60A80ED1A414}
		{7A140F0C-7A4C-4ACD-A2F7-E09B23701A9D} = {0DE7B077-6E48-4EB7-B8D9-60A80ED1A414}
		{1D22538A-B171-4CC5-A4CD-586EEA8B815E} = {0DE7B077-6E48-4EB7-B8D9-60A80ED1A414}
		{59551DCE-C626-4BAA-8FAB-7E6977957B17} = {0DE7B077-6E48-4EB7-B8D9-60A80ED1A414}
		{4D4039F4-3296-4FA8-8E73-743B476550AC} = {D01ABC51-225F-463F-B954-0F6B05C5F47B}
		{FEE1839A-4868-43D2-88FB-905FB8C6DC58} = {69F1D575-9408-4C17-94BF-B6E4140411C6}
		{1C081833-A87E-454D-9EAA-49B6DF34461A} = {D70106EF-2D1B-4AE6-87F4-D147FCFBFF5B}
	EndGlobalSection
EndGlobal
